
Microsoft Visual Studio Solution File, Format Version 12.00
# Visual Studio 15
VisualStudioVersion = 15.0.28307.168
MinimumVisualStudioVersion = 10.0.40219.1
Project("{FAE04EC0-301F-11D3-BF4B-00C04F79EFBC}") = "ArasDataMigrationImporter", "ArasDataMigrationImporter\ArasDataMigrationImporter.csproj", "{FA9FD8FE-1652-4290-A625-59E87466EF7B}"
EndProject
Global
	GlobalSection(SolutionConfigurationPlatforms) = preSolution
		Debug|Any CPU = Debug|Any CPU
		Release|Any CPU = Release|Any CPU
	EndGlobalSection
	GlobalSection(ProjectConfigurationPlatforms) = postSolution
		{FA9FD8FE-1652-4290-A625-59E87466EF7B}.Debug|Any CPU.ActiveCfg = Debug|Any CPU
		{FA9FD8FE-1652-4290-A625-59E87466EF7B}.Debug|Any CPU.Build.0 = Debug|Any CPU
		{FA9FD8FE-1652-4290-A625-59E87466EF7B}.Release|Any CPU.ActiveCfg = Release|Any CPU
		{FA9FD8FE-1652-4290-A625-59E87466EF7B}.Release|Any CPU.Build.0 = Release|Any CPU
	EndGlobalSection
	GlobalSection(SolutionProperties) = preSolution
		HideSolutionNode = FALSE
	EndGlobalSection
	GlobalSection(ExtensibilityGlobals) = postSolution
		SolutionGuid = {FB80F2A8-DD38-4C3D-99FD-1E2EDE176117}
	EndGlobalSection
EndGlobal
